// !$*UTF8*$!
{
	archiveVersion = 1;
	classes = {
	};
	objectVersion = 46;
	objects = {

/* Begin PBXBuildFile section */
		934E12081B1F858100441526 /* AppDelegate.swift in Sources */ = {isa = PBXBuildFile; fileRef = 934E12071B1F858100441526 /* AppDelegate.swift */; };
		934E120D1B1F858100441526 /* Main.storyboard in Resources */ = {isa = PBXBuildFile; fileRef = 934E120B1B1F858100441526 /* Main.storyboard */; };
		934E120F1B1F858100441526 /* Images.xcassets in Resources */ = {isa = PBXBuildFile; fileRef = 934E120E1B1F858100441526 /* Images.xcassets */; };
		934E12121B1F858100441526 /* LaunchScreen.xib in Resources */ = {isa = PBXBuildFile; fileRef = 934E12101B1F858100441526 /* LaunchScreen.xib */; };
		934E121E1B1F858100441526 /* SwiftCoAPClientExampleTests.swift in Sources */ = {isa = PBXBuildFile; fileRef = 934E121D1B1F858100441526 /* SwiftCoAPClientExampleTests.swift */; };
		934E122D1B1F865100441526 /* GCDAsyncUdpSocket.m in Sources */ = {isa = PBXBuildFile; fileRef = 934E122A1B1F865100441526 /* GCDAsyncUdpSocket.m */; };
		934E122E1B1F865100441526 /* SCClient.swift in Sources */ = {isa = PBXBuildFile; fileRef = 934E122B1B1F865100441526 /* SCClient.swift */; };
		934E122F1B1F865100441526 /* SCMessage.swift in Sources */ = {isa = PBXBuildFile; fileRef = 934E122C1B1F865100441526 /* SCMessage.swift */; };
		934E12311B1F8A2800441526 /* ExampleViewController.swift in Sources */ = {isa = PBXBuildFile; fileRef = 934E12301B1F8A2800441526 /* ExampleViewController.swift */; };
/* End PBXBuildFile section */

/* Begin PBXContainerItemProxy section */
		934E12181B1F858100441526 /* PBXContainerItemProxy */ = {
			isa = PBXContainerItemProxy;
			containerPortal = 934E11FA1B1F858100441526 /* Project object */;
			proxyType = 1;
			remoteGlobalIDString = 934E12011B1F858100441526;
			remoteInfo = SwiftCoAPClientExample;
		};
/* End PBXContainerItemProxy section */

/* Begin PBXFileReference section */
		934E12021B1F858100441526 /* SwiftCoAPClientExample.app */ = {isa = PBXFileReference; explicitFileType = wrapper.application; includeInIndex = 0; path = SwiftCoAPClientExample.app; sourceTree = BUILT_PRODUCTS_DIR; };
		934E12061B1F858100441526 /* Info.plist */ = {isa = PBXFileReference; lastKnownFileType = text.plist.xml; path = Info.plist; sourceTree = "<group>"; };
		934E12071B1F858100441526 /* AppDelegate.swift */ = {isa = PBXFileReference; lastKnownFileType = sourcecode.swift; path = AppDelegate.swift; sourceTree = "<group>"; };
		934E120C1B1F858100441526 /* Base */ = {isa = PBXFileReference; lastKnownFileType = file.storyboard; name = Base; path = Base.lproj/Main.storyboard; sourceTree = "<group>"; };
		934E120E1B1F858100441526 /* Images.xcassets */ = {isa = PBXFileReference; lastKnownFileType = folder.assetcatalog; path = Images.xcassets; sourceTree = "<group>"; };
		934E12111B1F858100441526 /* Base */ = {isa = PBXFileReference; lastKnownFileType = file.xib; name = Base; path = Base.lproj/LaunchScreen.xib; sourceTree = "<group>"; };
		934E12171B1F858100441526 /* SwiftCoAPClientExampleTests.xctest */ = {isa = PBXFileReference; explicitFileType = wrapper.cfbundle; includeInIndex = 0; path = SwiftCoAPClientExampleTests.xctest; sourceTree = BUILT_PRODUCTS_DIR; };
		934E121C1B1F858100441526 /* Info.plist */ = {isa = PBXFileReference; lastKnownFileType = text.plist.xml; path = Info.plist; sourceTree = "<group>"; };
		934E121D1B1F858100441526 /* SwiftCoAPClientExampleTests.swift */ = {isa = PBXFileReference; lastKnownFileType = sourcecode.swift; path = SwiftCoAPClientExampleTests.swift; sourceTree = "<group>"; };
		934E12281B1F865000441526 /* SwiftCoAPClientExample-Bridging-Header.h */ = {isa = PBXFileReference; lastKnownFileType = sourcecode.c.h; path = "SwiftCoAPClientExample-Bridging-Header.h"; sourceTree = "<group>"; };
		934E12291B1F865100441526 /* GCDAsyncUdpSocket.h */ = {isa = PBXFileReference; fileEncoding = 4; lastKnownFileType = sourcecode.c.h; path = GCDAsyncUdpSocket.h; sourceTree = "<group>"; };
		934E122A1B1F865100441526 /* GCDAsyncUdpSocket.m */ = {isa = PBXFileReference; fileEncoding = 4; lastKnownFileType = sourcecode.c.objc; path = GCDAsyncUdpSocket.m; sourceTree = "<group>"; };
		934E122B1B1F865100441526 /* SCClient.swift */ = {isa = PBXFileReference; fileEncoding = 4; lastKnownFileType = sourcecode.swift; path = SCClient.swift; sourceTree = "<group>"; };
		934E122C1B1F865100441526 /* SCMessage.swift */ = {isa = PBXFileReference; fileEncoding = 4; lastKnownFileType = sourcecode.swift; path = SCMessage.swift; sourceTree = "<group>"; };
		934E12301B1F8A2800441526 /* ExampleViewController.swift */ = {isa = PBXFileReference; fileEncoding = 4; lastKnownFileType = sourcecode.swift; path = ExampleViewController.swift; sourceTree = "<group>"; };
/* End PBXFileReference section */

/* Begin PBXFrameworksBuildPhase section */
		934E11FF1B1F858100441526 /* Frameworks */ = {
			isa = PBXFrameworksBuildPhase;
			buildActionMask = 2147483647;
			files = (
			);
			runOnlyForDeploymentPostprocessing = 0;
		};
		934E12141B1F858100441526 /* Frameworks */ = {
			isa = PBXFrameworksBuildPhase;
			buildActionMask = 2147483647;
			files = (
			);
			runOnlyForDeploymentPostprocessing = 0;
		};
/* End PBXFrameworksBuildPhase section */

/* Begin PBXGroup section */
		934E11F91B1F858100441526 = {
			isa = PBXGroup;
			children = (
				934E12041B1F858100441526 /* SwiftCoAPClientExample */,
				934E121A1B1F858100441526 /* SwiftCoAPClientExampleTests */,
				934E12031B1F858100441526 /* Products */,
			);
			sourceTree = "<group>";
		};
		934E12031B1F858100441526 /* Products */ = {
			isa = PBXGroup;
			children = (
				934E12021B1F858100441526 /* SwiftCoAPClientExample.app */,
				934E12171B1F858100441526 /* SwiftCoAPClientExampleTests.xctest */,
			);
			name = Products;
			sourceTree = "<group>";
		};
		934E12041B1F858100441526 /* SwiftCoAPClientExample */ = {
			isa = PBXGroup;
			children = (
				934E12271B1F862600441526 /* SwiftCoAP Library */,
				934E12071B1F858100441526 /* AppDelegate.swift */,
				934E12301B1F8A2800441526 /* ExampleViewController.swift */,
				934E120B1B1F858100441526 /* Main.storyboard */,
				934E120E1B1F858100441526 /* Images.xcassets */,
				934E12101B1F858100441526 /* LaunchScreen.xib */,
				934E12051B1F858100441526 /* Supporting Files */,
			);
			path = SwiftCoAPClientExample;
			sourceTree = "<group>";
		};
		934E12051B1F858100441526 /* Supporting Files */ = {
			isa = PBXGroup;
			children = (
				934E12061B1F858100441526 /* Info.plist */,
			);
			name = "Supporting Files";
			sourceTree = "<group>";
		};
		934E121A1B1F858100441526 /* SwiftCoAPClientExampleTests */ = {
			isa = PBXGroup;
			children = (
				934E121D1B1F858100441526 /* SwiftCoAPClientExampleTests.swift */,
				934E121B1B1F858100441526 /* Supporting Files */,
			);
			path = SwiftCoAPClientExampleTests;
			sourceTree = "<group>";
		};
		934E121B1B1F858100441526 /* Supporting Files */ = {
			isa = PBXGroup;
			children = (
				934E121C1B1F858100441526 /* Info.plist */,
			);
			name = "Supporting Files";
			sourceTree = "<group>";
		};
		934E12271B1F862600441526 /* SwiftCoAP Library */ = {
			isa = PBXGroup;
			children = (
				934E12291B1F865100441526 /* GCDAsyncUdpSocket.h */,
				934E122A1B1F865100441526 /* GCDAsyncUdpSocket.m */,
				934E122B1B1F865100441526 /* SCClient.swift */,
				934E122C1B1F865100441526 /* SCMessage.swift */,
				934E12281B1F865000441526 /* SwiftCoAPClientExample-Bridging-Header.h */,
			);
			name = "SwiftCoAP Library";
			sourceTree = "<group>";
		};
/* End PBXGroup section */

/* Begin PBXNativeTarget section */
		934E12011B1F858100441526 /* SwiftCoAPClientExample */ = {
			isa = PBXNativeTarget;
			buildConfigurationList = 934E12211B1F858100441526 /* Build configuration list for PBXNativeTarget "SwiftCoAPClientExample" */;
			buildPhases = (
				934E11FE1B1F858100441526 /* Sources */,
				934E11FF1B1F858100441526 /* Frameworks */,
				934E12001B1F858100441526 /* Resources */,
			);
			buildRules = (
			);
			dependencies = (
			);
			name = SwiftCoAPClientExample;
			productName = SwiftCoAPClientExample;
			productReference = 934E12021B1F858100441526 /* SwiftCoAPClientExample.app */;
			productType = "com.apple.product-type.application";
		};
		934E12161B1F858100441526 /* SwiftCoAPClientExampleTests */ = {
			isa = PBXNativeTarget;
			buildConfigurationList = 934E12241B1F858100441526 /* Build configuration list for PBXNativeTarget "SwiftCoAPClientExampleTests" */;
			buildPhases = (
				934E12131B1F858100441526 /* Sources */,
				934E12141B1F858100441526 /* Frameworks */,
				934E12151B1F858100441526 /* Resources */,
			);
			buildRules = (
			);
			dependencies = (
				934E12191B1F858100441526 /* PBXTargetDependency */,
			);
			name = SwiftCoAPClientExampleTests;
			productName = SwiftCoAPClientExampleTests;
			productReference = 934E12171B1F858100441526 /* SwiftCoAPClientExampleTests.xctest */;
			productType = "com.apple.product-type.bundle.unit-test";
		};
/* End PBXNativeTarget section */

/* Begin PBXProject section */
		934E11FA1B1F858100441526 /* Project object */ = {
			isa = PBXProject;
			attributes = {
				LastSwiftUpdateCheck = 0700;
				LastUpgradeCheck = 1010;
				ORGANIZATIONNAME = "Wojtek Kordylewski";
				TargetAttributes = {
					934E12011B1F858100441526 = {
						CreatedOnToolsVersion = 6.3.2;
						LastSwiftMigration = 1010;
					};
					934E12161B1F858100441526 = {
						CreatedOnToolsVersion = 6.3.2;
						LastSwiftMigration = 1010;
						TestTargetID = 934E12011B1F858100441526;
					};
				};
			};
			buildConfigurationList = 934E11FD1B1F858100441526 /* Build configuration list for PBXProject "SwiftCoAPClientExample" */;
			compatibilityVersion = "Xcode 3.2";
			developmentRegion = English;
			hasScannedForEncodings = 0;
			knownRegions = (
				en,
				Base,
			);
			mainGroup = 934E11F91B1F858100441526;
			productRefGroup = 934E12031B1F858100441526 /* Products */;
			projectDirPath = "";
			projectRoot = "";
			targets = (
				934E12011B1F858100441526 /* SwiftCoAPClientExample */,
				934E12161B1F858100441526 /* SwiftCoAPClientExampleTests */,
			);
		};
/* End PBXProject section */

/* Begin PBXResourcesBuildPhase section */
		934E12001B1F858100441526 /* Resources */ = {
			isa = PBXResourcesBuildPhase;
			buildActionMask = 2147483647;
			files = (
				934E120D1B1F858100441526 /* Main.storyboard in Resources */,
				934E12121B1F858100441526 /* LaunchScreen.xib in Resources */,
				934E120F1B1F858100441526 /* Images.xcassets in Resources */,
			);
			runOnlyForDeploymentPostprocessing = 0;
		};
		934E12151B1F858100441526 /* Resources */ = {
			isa = PBXResourcesBuildPhase;
			buildActionMask = 2147483647;
			files = (
			);
			runOnlyForDeploymentPostprocessing = 0;
		};
/* End PBXResourcesBuildPhase section */

/* Begin PBXSourcesBuildPhase section */
		934E11FE1B1F858100441526 /* Sources */ = {
			isa = PBXSourcesBuildPhase;
			buildActionMask = 2147483647;
			files = (
				934E122D1B1F865100441526 /* GCDAsyncUdpSocket.m in Sources */,
				934E122F1B1F865100441526 /* SCMessage.swift in Sources */,
				934E122E1B1F865100441526 /* SCClient.swift in Sources */,
				934E12081B1F858100441526 /* AppDelegate.swift in Sources */,
				934E12311B1F8A2800441526 /* ExampleViewController.swift in Sources */,
			);
			runOnlyForDeploymentPostprocessing = 0;
		};
		934E12131B1F858100441526 /* Sources */ = {
			isa = PBXSourcesBuildPhase;
			buildActionMask = 2147483647;
			files = (
				934E121E1B1F858100441526 /* SwiftCoAPClientExampleTests.swift in Sources */,
			);
			runOnlyForDeploymentPostprocessing = 0;
		};
/* End PBXSourcesBuildPhase section */

/* Begin PBXTargetDependency section */
		934E12191B1F858100441526 /* PBXTargetDependency */ = {
			isa = PBXTargetDependency;
			target = 934E12011B1F858100441526 /* SwiftCoAPClientExample */;
			targetProxy = 934E12181B1F858100441526 /* PBXContainerItemProxy */;
		};
/* End PBXTargetDependency section */

/* Begin PBXVariantGroup section */
		934E120B1B1F858100441526 /* Main.storyboard */ = {
			isa = PBXVariantGroup;
			children = (
				934E120C1B1F858100441526 /* Base */,
			);
			name = Main.storyboard;
			sourceTree = "<group>";
		};
		934E12101B1F858100441526 /* LaunchScreen.xib */ = {
			isa = PBXVariantGroup;
			children = (
				934E12111B1F858100441526 /* Base */,
			);
			name = LaunchScreen.xib;
			sourceTree = "<group>";
		};
/* End PBXVariantGroup section */

/* Begin XCBuildConfiguration section */
		934E121F1B1F858100441526 /* Debug */ = {
			isa = XCBuildConfiguration;
			buildSettings = {
				ALWAYS_SEARCH_USER_PATHS = NO;
				CLANG_CXX_LANGUAGE_STANDARD = "gnu++0x";
				CLANG_CXX_LIBRARY = "libc++";
				CLANG_ENABLE_MODULES = YES;
				CLANG_ENABLE_OBJC_ARC = YES;
				CLANG_WARN_BLOCK_CAPTURE_AUTORELEASING = YES;
				CLANG_WARN_BOOL_CONVERSION = YES;
				CLANG_WARN_COMMA = YES;
				CLANG_WARN_CONSTANT_CONVERSION = YES;
				CLANG_WARN_DEPRECATED_OBJC_IMPLEMENTATIONS = YES;
				CLANG_WARN_DIRECT_OBJC_ISA_USAGE = YES_ERROR;
				CLANG_WARN_EMPTY_BODY = YES;
				CLANG_WARN_ENUM_CONVERSION = YES;
				CLANG_WARN_INFINITE_RECURSION = YES;
				CLANG_WARN_INT_CONVERSION = YES;
				CLANG_WARN_NON_LITERAL_NULL_CONVERSION = YES;
				CLANG_WARN_OBJC_IMPLICIT_RETAIN_SELF = YES;
				CLANG_WARN_OBJC_LITERAL_CONVERSION = YES;
				CLANG_WARN_OBJC_ROOT_CLASS = YES_ERROR;
				CLANG_WARN_RANGE_LOOP_ANALYSIS = YES;
				CLANG_WARN_STRICT_PROTOTYPES = YES;
				CLANG_WARN_SUSPICIOUS_MOVE = YES;
				CLANG_WARN_UNREACHABLE_CODE = YES;
				CLANG_WARN__DUPLICATE_METHOD_MATCH = YES;
				"CODE_SIGN_IDENTITY[sdk=iphoneos*]" = "iPhone Developer";
				COPY_PHASE_STRIP = NO;
				DEBUG_INFORMATION_FORMAT = "dwarf-with-dsym";
				ENABLE_STRICT_OBJC_MSGSEND = YES;
				ENABLE_TESTABILITY = YES;
				GCC_C_LANGUAGE_STANDARD = gnu99;
				GCC_DYNAMIC_NO_PIC = NO;
				GCC_NO_COMMON_BLOCKS = YES;
				GCC_OPTIMIZATION_LEVEL = 0;
				GCC_PREPROCESSOR_DEFINITIONS = (
					"DEBUG=1",
					"$(inherited)",
				);
				GCC_SYMBOLS_PRIVATE_EXTERN = NO;
				GCC_WARN_64_TO_32_BIT_CONVERSION = YES;
				GCC_WARN_ABOUT_RETURN_TYPE = YES_ERROR;
				GCC_WARN_UNDECLARED_SELECTOR = YES;
				GCC_WARN_UNINITIALIZED_AUTOS = YES_AGGRESSIVE;
				GCC_WARN_UNUSED_FUNCTION = YES;
				GCC_WARN_UNUSED_VARIABLE = YES;
				IPHONEOS_DEPLOYMENT_TARGET = 8.3;
				MTL_ENABLE_DEBUG_INFO = YES;
				ONLY_ACTIVE_ARCH = YES;
				SDKROOT = iphoneos;
				SWIFT_OPTIMIZATION_LEVEL = "-Onone";
				TARGETED_DEVICE_FAMILY = "1,2";
			};
			name = Debug;
		};
		934E12201B1F858100441526 /* Release */ = {
			isa = XCBuildConfiguration;
			buildSettings = {
				ALWAYS_SEARCH_USER_PATHS = NO;
				CLANG_CXX_LANGUAGE_STANDARD = "gnu++0x";
				CLANG_CXX_LIBRARY = "libc++";
				CLANG_ENABLE_MODULES = YES;
				CLANG_ENABLE_OBJC_ARC = YES;
				CLANG_WARN_BLOCK_CAPTURE_AUTORELEASING = YES;
				CLANG_WARN_BOOL_CONVERSION = YES;
				CLANG_WARN_COMMA = YES;
				CLANG_WARN_CONSTANT_CONVERSION = YES;
				CLANG_WARN_DEPRECATED_OBJC_IMPLEMENTATIONS = YES;
				CLANG_WARN_DIRECT_OBJC_ISA_USAGE = YES_ERROR;
				CLANG_WARN_EMPTY_BODY = YES;
				CLANG_WARN_ENUM_CONVERSION = YES;
				CLANG_WARN_INFINITE_RECURSION = YES;
				CLANG_WARN_INT_CONVERSION = YES;
				CLANG_WARN_NON_LITERAL_NULL_CONVERSION = YES;
				CLANG_WARN_OBJC_IMPLICIT_RETAIN_SELF = YES;
				CLANG_WARN_OBJC_LITERAL_CONVERSION = YES;
				CLANG_WARN_OBJC_ROOT_CLASS = YES_ERROR;
				CLANG_WARN_RANGE_LOOP_ANALYSIS = YES;
				CLANG_WARN_STRICT_PROTOTYPES = YES;
				CLANG_WARN_SUSPICIOUS_MOVE = YES;
				CLANG_WARN_UNREACHABLE_CODE = YES;
				CLANG_WARN__DUPLICATE_METHOD_MATCH = YES;
				"CODE_SIGN_IDENTITY[sdk=iphoneos*]" = "iPhone Developer";
				COPY_PHASE_STRIP = NO;
				DEBUG_INFORMATION_FORMAT = "dwarf-with-dsym";
				ENABLE_NS_ASSERTIONS = NO;
				ENABLE_STRICT_OBJC_MSGSEND = YES;
				GCC_C_LANGUAGE_STANDARD = gnu99;
				GCC_NO_COMMON_BLOCKS = YES;
				GCC_WARN_64_TO_32_BIT_CONVERSION = YES;
				GCC_WARN_ABOUT_RETURN_TYPE = YES_ERROR;
				GCC_WARN_UNDECLARED_SELECTOR = YES;
				GCC_WARN_UNINITIALIZED_AUTOS = YES_AGGRESSIVE;
				GCC_WARN_UNUSED_FUNCTION = YES;
				GCC_WARN_UNUSED_VARIABLE = YES;
				IPHONEOS_DEPLOYMENT_TARGET = 8.3;
				MTL_ENABLE_DEBUG_INFO = NO;
				SDKROOT = iphoneos;
				SWIFT_OPTIMIZATION_LEVEL = "-Owholemodule";
				TARGETED_DEVICE_FAMILY = "1,2";
				VALIDATE_PRODUCT = YES;
			};
			name = Release;
		};
		934E12221B1F858100441526 /* Debug */ = {
			isa = XCBuildConfiguration;
			buildSettings = {
				ASSETCATALOG_COMPILER_APPICON_NAME = AppIcon;
				CLANG_ENABLE_MODULES = YES;
				INFOPLIST_FILE = SwiftCoAPClientExample/Info.plist;
				LD_RUNPATH_SEARCH_PATHS = "$(inherited) @executable_path/Frameworks";
				PRODUCT_BUNDLE_IDENTIFIER = "kordylewski.$(PRODUCT_NAME:rfc1034identifier)";
				PRODUCT_NAME = "$(TARGET_NAME)";
				SWIFT_OBJC_BRIDGING_HEADER = "SwiftCoAPClientExample/SwiftCoAPClientExample-Bridging-Header.h";
				SWIFT_OPTIMIZATION_LEVEL = "-Onone";
				SWIFT_SWIFT3_OBJC_INFERENCE = Default;
				SWIFT_VERSION = 4.2;
			};
			name = Debug;
		};
		934E12231B1F858100441526 /* Release */ = {
			isa = XCBuildConfiguration;
			buildSettings = {
				ASSETCATALOG_COMPILER_APPICON_NAME = AppIcon;
				CLANG_ENABLE_MODULES = YES;
				INFOPLIST_FILE = SwiftCoAPClientExample/Info.plist;
				LD_RUNPATH_SEARCH_PATHS = "$(inherited) @executable_path/Frameworks";
				PRODUCT_BUNDLE_IDENTIFIER = "kordylewski.$(PRODUCT_NAME:rfc1034identifier)";
				PRODUCT_NAME = "$(TARGET_NAME)";
				SWIFT_OBJC_BRIDGING_HEADER = "SwiftCoAPClientExample/SwiftCoAPClientExample-Bridging-Header.h";
				SWIFT_SWIFT3_OBJC_INFERENCE = Default;
				SWIFT_VERSION = 4.2;
			};
			name = Release;
		};
		934E12251B1F858100441526 /* Debug */ = {
			isa = XCBuildConfiguration;
			buildSettings = {
				BUNDLE_LOADER = "$(TEST_HOST)";
				FRAMEWORK_SEARCH_PATHS = (
					"$(SDKROOT)/Developer/Library/Frameworks",
					"$(inherited)",
				);
				GCC_PREPROCESSOR_DEFINITIONS = (
					"DEBUG=1",
					"$(inherited)",
				);
				INFOPLIST_FILE = SwiftCoAPClientExampleTests/Info.plist;
				LD_RUNPATH_SEARCH_PATHS = "$(inherited) @executable_path/Frameworks @loader_path/Frameworks";
				PRODUCT_BUNDLE_IDENTIFIER = "kordylewski.$(PRODUCT_NAME:rfc1034identifier)";
				PRODUCT_NAME = "$(TARGET_NAME)";
				SWIFT_SWIFT3_OBJC_INFERENCE = Default;
				SWIFT_VERSION = 4.2;
				TEST_HOST = "$(BUILT_PRODUCTS_DIR)/SwiftCoAPClientExample.app/SwiftCoAPClientExample";
			};
			name = Debug;
		};
		934E12261B1F858100441526 /* Release */ = {
			isa = XCBuildConfiguration;
			buildSettings = {
				BUNDLE_LOADER = "$(TEST_HOST)";
				FRAMEWORK_SEARCH_PATHS = (
					"$(SDKROOT)/Developer/Library/Frameworks",
					"$(inherited)",
				);
				INFOPLIST_FILE = SwiftCoAPClientExampleTests/Info.plist;
				LD_RUNPATH_SEARCH_PATHS = "$(inherited) @executable_path/Frameworks @loader_path/Frameworks";
				PRODUCT_BUNDLE_IDENTIFIER = "kordylewski.$(PRODUCT_NAME:rfc1034identifier)";
				PRODUCT_NAME = "$(TARGET_NAME)";
				SWIFT_SWIFT3_OBJC_INFERENCE = Default;
				SWIFT_VERSION = 4.2;
				TEST_HOST = "$(BUILT_PRODUCTS_DIR)/SwiftCoAPClientExample.app/SwiftCoAPClientExample";
			};
			name = Release;
		};
/* End XCBuildConfiguration section */

/* Begin XCConfigurationList section */
		934E11FD1B1F858100441526 /* Build configuration list for PBXProject "SwiftCoAPClientExample" */ = {
			isa = XCConfigurationList;
			buildConfigurations = (
				934E121F1B1F858100441526 /* Debug */,
				934E12201B1F858100441526 /* Release */,
			);
			defaultConfigurationIsVisible = 0;
			defaultConfigurationName = Release;
		};
		934E12211B1F858100441526 /* Build configuration list for PBXNativeTarget "SwiftCoAPClientExample" */ = {
			isa = XCConfigurationList;
			buildConfigurations = (
				934E12221B1F858100441526 /* Debug */,
				934E12231B1F858100441526 /* Release */,
			);
			defaultConfigurationIsVisible = 0;
			defaultConfigurationName = Release;
		};
		934E12241B1F858100441526 /* Build configuration list for PBXNativeTarget "SwiftCoAPClientExampleTests" */ = {
			isa = XCConfigurationList;
			buildConfigurations = (
				934E12251B1F858100441526 /* Debug */,
				934E12261B1F858100441526 /* Release */,
			);
			defaultConfigurationIsVisible = 0;
			defaultConfigurationName = Release;
		};
/* End XCConfigurationList section */
	};
	rootObject = 934E11FA1B1F858100441526 /* Project object */;
}
