{
  "object": {
    "pins": [
      {
        "package": "SwiftCoAP",
        "repositoryURL": "https://github.com/namiai/SwiftCoAP",
        "state": {
          "branch": "swift_pm",
          "revision": "8027a4615134b66332848203767d80bd34c887ac",
          "version": null
        }
      }
    ]
  },
  "version": 1
}
