// !$*UTF8*$!
{
	archiveVersion = 1;
	classes = {
	};
	objectVersion = 46;
	objects = {

/* Begin PBXBuildFile section */
		9316D79C1B2AE54400B0B70D /* AppDelegate.swift in Sources */ = {isa = PBXBuildFile; fileRef = 9316D79B1B2AE54400B0B70D /* AppDelegate.swift */; };
		9316D7A11B2AE54400B0B70D /* Main.storyboard in Resources */ = {isa = PBXBuildFile; fileRef = 9316D79F1B2AE54400B0B70D /* Main.storyboard */; };
		9316D7A31B2AE54400B0B70D /* Images.xcassets in Resources */ = {isa = PBXBuildFile; fileRef = 9316D7A21B2AE54400B0B70D /* Images.xcassets */; };
		9316D7A61B2AE54400B0B70D /* LaunchScreen.xib in Resources */ = {isa = PBXBuildFile; fileRef = 9316D7A41B2AE54400B0B70D /* LaunchScreen.xib */; };
		9316D7B21B2AE54400B0B70D /* SwiftCoAPServerExampleTests.swift in Sources */ = {isa = PBXBuildFile; fileRef = 9316D7B11B2AE54400B0B70D /* SwiftCoAPServerExampleTests.swift */; };
		9316D7C11B2AE89600B0B70D /* GCDAsyncUdpSocket.m in Sources */ = {isa = PBXBuildFile; fileRef = 9316D7BE1B2AE89600B0B70D /* GCDAsyncUdpSocket.m */; };
		9316D7C21B2AE89600B0B70D /* SCMessage.swift in Sources */ = {isa = PBXBuildFile; fileRef = 9316D7BF1B2AE89600B0B70D /* SCMessage.swift */; };
		9316D7C31B2AE89600B0B70D /* SCServer.swift in Sources */ = {isa = PBXBuildFile; fileRef = 9316D7C01B2AE89600B0B70D /* SCServer.swift */; };
		9316D7C51B2AE8C600B0B70D /* ExampleViewController.swift in Sources */ = {isa = PBXBuildFile; fileRef = 9316D7C41B2AE8C600B0B70D /* ExampleViewController.swift */; };
		9316D7CA1B2C40C000B0B70D /* DefaultTableViewCell.swift in Sources */ = {isa = PBXBuildFile; fileRef = 9316D7C91B2C40C000B0B70D /* DefaultTableViewCell.swift */; };
		936CD06E1B3963580041837F /* TimeResourceModel.swift in Sources */ = {isa = PBXBuildFile; fileRef = 936CD06D1B3963580041837F /* TimeResourceModel.swift */; };
		936CD0701B3963A40041837F /* SeparateResourceModel.swift in Sources */ = {isa = PBXBuildFile; fileRef = 936CD06F1B3963A40041837F /* SeparateResourceModel.swift */; };
		93CC553B1B3C92150001DAAF /* TestResourceModel.swift in Sources */ = {isa = PBXBuildFile; fileRef = 93CC553A1B3C92150001DAAF /* TestResourceModel.swift */; };
/* End PBXBuildFile section */

/* Begin PBXContainerItemProxy section */
		9316D7AC1B2AE54400B0B70D /* PBXContainerItemProxy */ = {
			isa = PBXContainerItemProxy;
			containerPortal = 9316D78E1B2AE54400B0B70D /* Project object */;
			proxyType = 1;
			remoteGlobalIDString = 9316D7951B2AE54400B0B70D;
			remoteInfo = SwiftCoAPServerExample;
		};
/* End PBXContainerItemProxy section */

/* Begin PBXFileReference section */
		9316D7961B2AE54400B0B70D /* SwiftCoAPServerExample.app */ = {isa = PBXFileReference; explicitFileType = wrapper.application; includeInIndex = 0; path = SwiftCoAPServerExample.app; sourceTree = BUILT_PRODUCTS_DIR; };
		9316D79A1B2AE54400B0B70D /* Info.plist */ = {isa = PBXFileReference; lastKnownFileType = text.plist.xml; path = Info.plist; sourceTree = "<group>"; };
		9316D79B1B2AE54400B0B70D /* AppDelegate.swift */ = {isa = PBXFileReference; lastKnownFileType = sourcecode.swift; path = AppDelegate.swift; sourceTree = "<group>"; };
		9316D7A01B2AE54400B0B70D /* Base */ = {isa = PBXFileReference; lastKnownFileType = file.storyboard; name = Base; path = Base.lproj/Main.storyboard; sourceTree = "<group>"; };
		9316D7A21B2AE54400B0B70D /* Images.xcassets */ = {isa = PBXFileReference; lastKnownFileType = folder.assetcatalog; path = Images.xcassets; sourceTree = "<group>"; };
		9316D7A51B2AE54400B0B70D /* Base */ = {isa = PBXFileReference; lastKnownFileType = file.xib; name = Base; path = Base.lproj/LaunchScreen.xib; sourceTree = "<group>"; };
		9316D7AB1B2AE54400B0B70D /* SwiftCoAPServerExampleTests.xctest */ = {isa = PBXFileReference; explicitFileType = wrapper.cfbundle; includeInIndex = 0; path = SwiftCoAPServerExampleTests.xctest; sourceTree = BUILT_PRODUCTS_DIR; };
		9316D7B01B2AE54400B0B70D /* Info.plist */ = {isa = PBXFileReference; lastKnownFileType = text.plist.xml; path = Info.plist; sourceTree = "<group>"; };
		9316D7B11B2AE54400B0B70D /* SwiftCoAPServerExampleTests.swift */ = {isa = PBXFileReference; lastKnownFileType = sourcecode.swift; path = SwiftCoAPServerExampleTests.swift; sourceTree = "<group>"; };
		9316D7BC1B2AE89500B0B70D /* SwiftCoAPServerExample-Bridging-Header.h */ = {isa = PBXFileReference; lastKnownFileType = sourcecode.c.h; path = "SwiftCoAPServerExample-Bridging-Header.h"; sourceTree = "<group>"; };
		9316D7BD1B2AE89600B0B70D /* GCDAsyncUdpSocket.h */ = {isa = PBXFileReference; fileEncoding = 4; lastKnownFileType = sourcecode.c.h; path = GCDAsyncUdpSocket.h; sourceTree = "<group>"; };
		9316D7BE1B2AE89600B0B70D /* GCDAsyncUdpSocket.m */ = {isa = PBXFileReference; fileEncoding = 4; lastKnownFileType = sourcecode.c.objc; path = GCDAsyncUdpSocket.m; sourceTree = "<group>"; };
		9316D7BF1B2AE89600B0B70D /* SCMessage.swift */ = {isa = PBXFileReference; fileEncoding = 4; lastKnownFileType = sourcecode.swift; path = SCMessage.swift; sourceTree = "<group>"; };
		9316D7C01B2AE89600B0B70D /* SCServer.swift */ = {isa = PBXFileReference; fileEncoding = 4; lastKnownFileType = sourcecode.swift; path = SCServer.swift; sourceTree = "<group>"; };
		9316D7C41B2AE8C600B0B70D /* ExampleViewController.swift */ = {isa = PBXFileReference; fileEncoding = 4; lastKnownFileType = sourcecode.swift; path = ExampleViewController.swift; sourceTree = "<group>"; };
		9316D7C91B2C40C000B0B70D /* DefaultTableViewCell.swift */ = {isa = PBXFileReference; fileEncoding = 4; lastKnownFileType = sourcecode.swift; path = DefaultTableViewCell.swift; sourceTree = "<group>"; };
		936CD06D1B3963580041837F /* TimeResourceModel.swift */ = {isa = PBXFileReference; fileEncoding = 4; lastKnownFileType = sourcecode.swift; path = TimeResourceModel.swift; sourceTree = "<group>"; };
		936CD06F1B3963A40041837F /* SeparateResourceModel.swift */ = {isa = PBXFileReference; fileEncoding = 4; lastKnownFileType = sourcecode.swift; path = SeparateResourceModel.swift; sourceTree = "<group>"; };
		93CC553A1B3C92150001DAAF /* TestResourceModel.swift */ = {isa = PBXFileReference; fileEncoding = 4; lastKnownFileType = sourcecode.swift; path = TestResourceModel.swift; sourceTree = "<group>"; };
/* End PBXFileReference section */

/* Begin PBXFrameworksBuildPhase section */
		9316D7931B2AE54400B0B70D /* Frameworks */ = {
			isa = PBXFrameworksBuildPhase;
			buildActionMask = 2147483647;
			files = (
			);
			runOnlyForDeploymentPostprocessing = 0;
		};
		9316D7A81B2AE54400B0B70D /* Frameworks */ = {
			isa = PBXFrameworksBuildPhase;
			buildActionMask = 2147483647;
			files = (
			);
			runOnlyForDeploymentPostprocessing = 0;
		};
/* End PBXFrameworksBuildPhase section */

/* Begin PBXGroup section */
		9316D78D1B2AE54400B0B70D = {
			isa = PBXGroup;
			children = (
				9316D7981B2AE54400B0B70D /* SwiftCoAPServerExample */,
				9316D7AE1B2AE54400B0B70D /* SwiftCoAPServerExampleTests */,
				9316D7971B2AE54400B0B70D /* Products */,
			);
			sourceTree = "<group>";
		};
		9316D7971B2AE54400B0B70D /* Products */ = {
			isa = PBXGroup;
			children = (
				9316D7961B2AE54400B0B70D /* SwiftCoAPServerExample.app */,
				9316D7AB1B2AE54400B0B70D /* SwiftCoAPServerExampleTests.xctest */,
			);
			name = Products;
			sourceTree = "<group>";
		};
		9316D7981B2AE54400B0B70D /* SwiftCoAPServerExample */ = {
			isa = PBXGroup;
			children = (
				9316D7BB1B2AE59300B0B70D /* SwiftCoAPLibrary */,
				9316D79B1B2AE54400B0B70D /* AppDelegate.swift */,
				9316D7C41B2AE8C600B0B70D /* ExampleViewController.swift */,
				9316D7C91B2C40C000B0B70D /* DefaultTableViewCell.swift */,
				9316D7C61B2AE8E600B0B70D /* CoAPServer Resource Models */,
				9316D79F1B2AE54400B0B70D /* Main.storyboard */,
				9316D7A21B2AE54400B0B70D /* Images.xcassets */,
				9316D7A41B2AE54400B0B70D /* LaunchScreen.xib */,
				9316D7991B2AE54400B0B70D /* Supporting Files */,
			);
			path = SwiftCoAPServerExample;
			sourceTree = "<group>";
		};
		9316D7991B2AE54400B0B70D /* Supporting Files */ = {
			isa = PBXGroup;
			children = (
				9316D79A1B2AE54400B0B70D /* Info.plist */,
			);
			name = "Supporting Files";
			sourceTree = "<group>";
		};
		9316D7AE1B2AE54400B0B70D /* SwiftCoAPServerExampleTests */ = {
			isa = PBXGroup;
			children = (
				9316D7B11B2AE54400B0B70D /* SwiftCoAPServerExampleTests.swift */,
				9316D7AF1B2AE54400B0B70D /* Supporting Files */,
			);
			path = SwiftCoAPServerExampleTests;
			sourceTree = "<group>";
		};
		9316D7AF1B2AE54400B0B70D /* Supporting Files */ = {
			isa = PBXGroup;
			children = (
				9316D7B01B2AE54400B0B70D /* Info.plist */,
			);
			name = "Supporting Files";
			sourceTree = "<group>";
		};
		9316D7BB1B2AE59300B0B70D /* SwiftCoAPLibrary */ = {
			isa = PBXGroup;
			children = (
				9316D7BD1B2AE89600B0B70D /* GCDAsyncUdpSocket.h */,
				9316D7BE1B2AE89600B0B70D /* GCDAsyncUdpSocket.m */,
				9316D7BF1B2AE89600B0B70D /* SCMessage.swift */,
				9316D7C01B2AE89600B0B70D /* SCServer.swift */,
				9316D7BC1B2AE89500B0B70D /* SwiftCoAPServerExample-Bridging-Header.h */,
			);
			name = SwiftCoAPLibrary;
			sourceTree = "<group>";
		};
		9316D7C61B2AE8E600B0B70D /* CoAPServer Resource Models */ = {
			isa = PBXGroup;
			children = (
				936CD06D1B3963580041837F /* TimeResourceModel.swift */,
				936CD06F1B3963A40041837F /* SeparateResourceModel.swift */,
				93CC553A1B3C92150001DAAF /* TestResourceModel.swift */,
			);
			name = "CoAPServer Resource Models";
			sourceTree = "<group>";
		};
/* End PBXGroup section */

/* Begin PBXNativeTarget section */
		9316D7951B2AE54400B0B70D /* SwiftCoAPServerExample */ = {
			isa = PBXNativeTarget;
			buildConfigurationList = 9316D7B51B2AE54400B0B70D /* Build configuration list for PBXNativeTarget "SwiftCoAPServerExample" */;
			buildPhases = (
				9316D7921B2AE54400B0B70D /* Sources */,
				9316D7931B2AE54400B0B70D /* Frameworks */,
				9316D7941B2AE54400B0B70D /* Resources */,
			);
			buildRules = (
			);
			dependencies = (
			);
			name = SwiftCoAPServerExample;
			productName = SwiftCoAPServerExample;
			productReference = 9316D7961B2AE54400B0B70D /* SwiftCoAPServerExample.app */;
			productType = "com.apple.product-type.application";
		};
		9316D7AA1B2AE54400B0B70D /* SwiftCoAPServerExampleTests */ = {
			isa = PBXNativeTarget;
			buildConfigurationList = 9316D7B81B2AE54400B0B70D /* Build configuration list for PBXNativeTarget "SwiftCoAPServerExampleTests" */;
			buildPhases = (
				9316D7A71B2AE54400B0B70D /* Sources */,
				9316D7A81B2AE54400B0B70D /* Frameworks */,
				9316D7A91B2AE54400B0B70D /* Resources */,
			);
			buildRules = (
			);
			dependencies = (
				9316D7AD1B2AE54400B0B70D /* PBXTargetDependency */,
			);
			name = SwiftCoAPServerExampleTests;
			productName = SwiftCoAPServerExampleTests;
			productReference = 9316D7AB1B2AE54400B0B70D /* SwiftCoAPServerExampleTests.xctest */;
			productType = "com.apple.product-type.bundle.unit-test";
		};
/* End PBXNativeTarget section */

/* Begin PBXProject section */
		9316D78E1B2AE54400B0B70D /* Project object */ = {
			isa = PBXProject;
			attributes = {
				LastSwiftUpdateCheck = 0700;
				LastUpgradeCheck = 1010;
				ORGANIZATIONNAME = "Wojtek Kordylewski";
				TargetAttributes = {
					9316D7951B2AE54400B0B70D = {
						CreatedOnToolsVersion = 6.3.2;
						LastSwiftMigration = 1010;
					};
					9316D7AA1B2AE54400B0B70D = {
						CreatedOnToolsVersion = 6.3.2;
						LastSwiftMigration = 1010;
						TestTargetID = 9316D7951B2AE54400B0B70D;
					};
				};
			};
			buildConfigurationList = 9316D7911B2AE54400B0B70D /* Build configuration list for PBXProject "SwiftCoAPServerExample" */;
			compatibilityVersion = "Xcode 3.2";
			developmentRegion = English;
			hasScannedForEncodings = 0;
			knownRegions = (
				en,
				Base,
			);
			mainGroup = 9316D78D1B2AE54400B0B70D;
			productRefGroup = 9316D7971B2AE54400B0B70D /* Products */;
			projectDirPath = "";
			projectRoot = "";
			targets = (
				9316D7951B2AE54400B0B70D /* SwiftCoAPServerExample */,
				9316D7AA1B2AE54400B0B70D /* SwiftCoAPServerExampleTests */,
			);
		};
/* End PBXProject section */

/* Begin PBXResourcesBuildPhase section */
		9316D7941B2AE54400B0B70D /* Resources */ = {
			isa = PBXResourcesBuildPhase;
			buildActionMask = 2147483647;
			files = (
				9316D7A11B2AE54400B0B70D /* Main.storyboard in Resources */,
				9316D7A61B2AE54400B0B70D /* LaunchScreen.xib in Resources */,
				9316D7A31B2AE54400B0B70D /* Images.xcassets in Resources */,
			);
			runOnlyForDeploymentPostprocessing = 0;
		};
		9316D7A91B2AE54400B0B70D /* Resources */ = {
			isa = PBXResourcesBuildPhase;
			buildActionMask = 2147483647;
			files = (
			);
			runOnlyForDeploymentPostprocessing = 0;
		};
/* End PBXResourcesBuildPhase section */

/* Begin PBXSourcesBuildPhase section */
		9316D7921B2AE54400B0B70D /* Sources */ = {
			isa = PBXSourcesBuildPhase;
			buildActionMask = 2147483647;
			files = (
				9316D7C31B2AE89600B0B70D /* SCServer.swift in Sources */,
				936CD0701B3963A40041837F /* SeparateResourceModel.swift in Sources */,
				936CD06E1B3963580041837F /* TimeResourceModel.swift in Sources */,
				9316D7C21B2AE89600B0B70D /* SCMessage.swift in Sources */,
				9316D7C11B2AE89600B0B70D /* GCDAsyncUdpSocket.m in Sources */,
				9316D79C1B2AE54400B0B70D /* AppDelegate.swift in Sources */,
				9316D7C51B2AE8C600B0B70D /* ExampleViewController.swift in Sources */,
				9316D7CA1B2C40C000B0B70D /* DefaultTableViewCell.swift in Sources */,
				93CC553B1B3C92150001DAAF /* TestResourceModel.swift in Sources */,
			);
			runOnlyForDeploymentPostprocessing = 0;
		};
		9316D7A71B2AE54400B0B70D /* Sources */ = {
			isa = PBXSourcesBuildPhase;
			buildActionMask = 2147483647;
			files = (
				9316D7B21B2AE54400B0B70D /* SwiftCoAPServerExampleTests.swift in Sources */,
			);
			runOnlyForDeploymentPostprocessing = 0;
		};
/* End PBXSourcesBuildPhase section */

/* Begin PBXTargetDependency section */
		9316D7AD1B2AE54400B0B70D /* PBXTargetDependency */ = {
			isa = PBXTargetDependency;
			target = 9316D7951B2AE54400B0B70D /* SwiftCoAPServerExample */;
			targetProxy = 9316D7AC1B2AE54400B0B70D /* PBXContainerItemProxy */;
		};
/* End PBXTargetDependency section */

/* Begin PBXVariantGroup section */
		9316D79F1B2AE54400B0B70D /* Main.storyboard */ = {
			isa = PBXVariantGroup;
			children = (
				9316D7A01B2AE54400B0B70D /* Base */,
			);
			name = Main.storyboard;
			sourceTree = "<group>";
		};
		9316D7A41B2AE54400B0B70D /* LaunchScreen.xib */ = {
			isa = PBXVariantGroup;
			children = (
				9316D7A51B2AE54400B0B70D /* Base */,
			);
			name = LaunchScreen.xib;
			sourceTree = "<group>";
		};
/* End PBXVariantGroup section */

/* Begin XCBuildConfiguration section */
		9316D7B31B2AE54400B0B70D /* Debug */ = {
			isa = XCBuildConfiguration;
			buildSettings = {
				ALWAYS_SEARCH_USER_PATHS = NO;
				CLANG_CXX_LANGUAGE_STANDARD = "gnu++0x";
				CLANG_CXX_LIBRARY = "libc++";
				CLANG_ENABLE_MODULES = YES;
				CLANG_ENABLE_OBJC_ARC = YES;
				CLANG_WARN_BLOCK_CAPTURE_AUTORELEASING = YES;
				CLANG_WARN_BOOL_CONVERSION = YES;
				CLANG_WARN_COMMA = YES;
				CLANG_WARN_CONSTANT_CONVERSION = YES;
				CLANG_WARN_DEPRECATED_OBJC_IMPLEMENTATIONS = YES;
				CLANG_WARN_DIRECT_OBJC_ISA_USAGE = YES_ERROR;
				CLANG_WARN_EMPTY_BODY = YES;
				CLANG_WARN_ENUM_CONVERSION = YES;
				CLANG_WARN_INFINITE_RECURSION = YES;
				CLANG_WARN_INT_CONVERSION = YES;
				CLANG_WARN_NON_LITERAL_NULL_CONVERSION = YES;
				CLANG_WARN_OBJC_IMPLICIT_RETAIN_SELF = YES;
				CLANG_WARN_OBJC_LITERAL_CONVERSION = YES;
				CLANG_WARN_OBJC_ROOT_CLASS = YES_ERROR;
				CLANG_WARN_RANGE_LOOP_ANALYSIS = YES;
				CLANG_WARN_STRICT_PROTOTYPES = YES;
				CLANG_WARN_SUSPICIOUS_MOVE = YES;
				CLANG_WARN_UNREACHABLE_CODE = YES;
				CLANG_WARN__DUPLICATE_METHOD_MATCH = YES;
				"CODE_SIGN_IDENTITY[sdk=iphoneos*]" = "iPhone Developer";
				COPY_PHASE_STRIP = NO;
				DEBUG_INFORMATION_FORMAT = "dwarf-with-dsym";
				ENABLE_STRICT_OBJC_MSGSEND = YES;
				ENABLE_TESTABILITY = YES;
				GCC_C_LANGUAGE_STANDARD = gnu99;
				GCC_DYNAMIC_NO_PIC = NO;
				GCC_NO_COMMON_BLOCKS = YES;
				GCC_OPTIMIZATION_LEVEL = 0;
				GCC_PREPROCESSOR_DEFINITIONS = (
					"DEBUG=1",
					"$(inherited)",
				);
				GCC_SYMBOLS_PRIVATE_EXTERN = NO;
				GCC_WARN_64_TO_32_BIT_CONVERSION = YES;
				GCC_WARN_ABOUT_RETURN_TYPE = YES_ERROR;
				GCC_WARN_UNDECLARED_SELECTOR = YES;
				GCC_WARN_UNINITIALIZED_AUTOS = YES_AGGRESSIVE;
				GCC_WARN_UNUSED_FUNCTION = YES;
				GCC_WARN_UNUSED_VARIABLE = YES;
				IPHONEOS_DEPLOYMENT_TARGET = 8.3;
				MTL_ENABLE_DEBUG_INFO = YES;
				ONLY_ACTIVE_ARCH = YES;
				SDKROOT = iphoneos;
				SWIFT_OPTIMIZATION_LEVEL = "-Onone";
				TARGETED_DEVICE_FAMILY = "1,2";
			};
			name = Debug;
		};
		9316D7B41B2AE54400B0B70D /* Release */ = {
			isa = XCBuildConfiguration;
			buildSettings = {
				ALWAYS_SEARCH_USER_PATHS = NO;
				CLANG_CXX_LANGUAGE_STANDARD = "gnu++0x";
				CLANG_CXX_LIBRARY = "libc++";
				CLANG_ENABLE_MODULES = YES;
				CLANG_ENABLE_OBJC_ARC = YES;
				CLANG_WARN_BLOCK_CAPTURE_AUTORELEASING = YES;
				CLANG_WARN_BOOL_CONVERSION = YES;
				CLANG_WARN_COMMA = YES;
				CLANG_WARN_CONSTANT_CONVERSION = YES;
				CLANG_WARN_DEPRECATED_OBJC_IMPLEMENTATIONS = YES;
				CLANG_WARN_DIRECT_OBJC_ISA_USAGE = YES_ERROR;
				CLANG_WARN_EMPTY_BODY = YES;
				CLANG_WARN_ENUM_CONVERSION = YES;
				CLANG_WARN_INFINITE_RECURSION = YES;
				CLANG_WARN_INT_CONVERSION = YES;
				CLANG_WARN_NON_LITERAL_NULL_CONVERSION = YES;
				CLANG_WARN_OBJC_IMPLICIT_RETAIN_SELF = YES;
				CLANG_WARN_OBJC_LITERAL_CONVERSION = YES;
				CLANG_WARN_OBJC_ROOT_CLASS = YES_ERROR;
				CLANG_WARN_RANGE_LOOP_ANALYSIS = YES;
				CLANG_WARN_STRICT_PROTOTYPES = YES;
				CLANG_WARN_SUSPICIOUS_MOVE = YES;
				CLANG_WARN_UNREACHABLE_CODE = YES;
				CLANG_WARN__DUPLICATE_METHOD_MATCH = YES;
				"CODE_SIGN_IDENTITY[sdk=iphoneos*]" = "iPhone Developer";
				COPY_PHASE_STRIP = NO;
				DEBUG_INFORMATION_FORMAT = "dwarf-with-dsym";
				ENABLE_NS_ASSERTIONS = NO;
				ENABLE_STRICT_OBJC_MSGSEND = YES;
				GCC_C_LANGUAGE_STANDARD = gnu99;
				GCC_NO_COMMON_BLOCKS = YES;
				GCC_WARN_64_TO_32_BIT_CONVERSION = YES;
				GCC_WARN_ABOUT_RETURN_TYPE = YES_ERROR;
				GCC_WARN_UNDECLARED_SELECTOR = YES;
				GCC_WARN_UNINITIALIZED_AUTOS = YES_AGGRESSIVE;
				GCC_WARN_UNUSED_FUNCTION = YES;
				GCC_WARN_UNUSED_VARIABLE = YES;
				IPHONEOS_DEPLOYMENT_TARGET = 8.3;
				MTL_ENABLE_DEBUG_INFO = NO;
				SDKROOT = iphoneos;
				SWIFT_OPTIMIZATION_LEVEL = "-Owholemodule";
				TARGETED_DEVICE_FAMILY = "1,2";
				VALIDATE_PRODUCT = YES;
			};
			name = Release;
		};
		9316D7B61B2AE54400B0B70D /* Debug */ = {
			isa = XCBuildConfiguration;
			buildSettings = {
				ASSETCATALOG_COMPILER_APPICON_NAME = AppIcon;
				CLANG_ENABLE_MODULES = YES;
				DEVELOPMENT_TEAM = "";
				INFOPLIST_FILE = SwiftCoAPServerExample/Info.plist;
				LD_RUNPATH_SEARCH_PATHS = "$(inherited) @executable_path/Frameworks";
				PRODUCT_BUNDLE_IDENTIFIER = "kordylewski.$(PRODUCT_NAME:rfc1034identifier)";
				PRODUCT_NAME = "$(TARGET_NAME)";
				SWIFT_OBJC_BRIDGING_HEADER = "SwiftCoAPServerExample/SwiftCoAPServerExample-Bridging-Header.h";
				SWIFT_OPTIMIZATION_LEVEL = "-Onone";
				SWIFT_SWIFT3_OBJC_INFERENCE = Default;
				SWIFT_VERSION = 4.2;
			};
			name = Debug;
		};
		9316D7B71B2AE54400B0B70D /* Release */ = {
			isa = XCBuildConfiguration;
			buildSettings = {
				ASSETCATALOG_COMPILER_APPICON_NAME = AppIcon;
				CLANG_ENABLE_MODULES = YES;
				DEVELOPMENT_TEAM = "";
				INFOPLIST_FILE = SwiftCoAPServerExample/Info.plist;
				LD_RUNPATH_SEARCH_PATHS = "$(inherited) @executable_path/Frameworks";
				PRODUCT_BUNDLE_IDENTIFIER = "kordylewski.$(PRODUCT_NAME:rfc1034identifier)";
				PRODUCT_NAME = "$(TARGET_NAME)";
				SWIFT_OBJC_BRIDGING_HEADER = "SwiftCoAPServerExample/SwiftCoAPServerExample-Bridging-Header.h";
				SWIFT_SWIFT3_OBJC_INFERENCE = Default;
				SWIFT_VERSION = 4.2;
			};
			name = Release;
		};
		9316D7B91B2AE54400B0B70D /* Debug */ = {
			isa = XCBuildConfiguration;
			buildSettings = {
				BUNDLE_LOADER = "$(TEST_HOST)";
				DEVELOPMENT_TEAM = "";
				FRAMEWORK_SEARCH_PATHS = (
					"$(SDKROOT)/Developer/Library/Frameworks",
					"$(inherited)",
				);
				GCC_PREPROCESSOR_DEFINITIONS = (
					"DEBUG=1",
					"$(inherited)",
				);
				INFOPLIST_FILE = SwiftCoAPServerExampleTests/Info.plist;
				LD_RUNPATH_SEARCH_PATHS = "$(inherited) @executable_path/Frameworks @loader_path/Frameworks";
				PRODUCT_BUNDLE_IDENTIFIER = "kordylewski.$(PRODUCT_NAME:rfc1034identifier)";
				PRODUCT_NAME = "$(TARGET_NAME)";
				SWIFT_SWIFT3_OBJC_INFERENCE = Default;
				SWIFT_VERSION = 4.2;
				TEST_HOST = "$(BUILT_PRODUCTS_DIR)/SwiftCoAPServerExample.app/SwiftCoAPServerExample";
			};
			name = Debug;
		};
		9316D7BA1B2AE54400B0B70D /* Release */ = {
			isa = XCBuildConfiguration;
			buildSettings = {
				BUNDLE_LOADER = "$(TEST_HOST)";
				DEVELOPMENT_TEAM = "";
				FRAMEWORK_SEARCH_PATHS = (
					"$(SDKROOT)/Developer/Library/Frameworks",
					"$(inherited)",
				);
				INFOPLIST_FILE = SwiftCoAPServerExampleTests/Info.plist;
				LD_RUNPATH_SEARCH_PATHS = "$(inherited) @executable_path/Frameworks @loader_path/Frameworks";
				PRODUCT_BUNDLE_IDENTIFIER = "kordylewski.$(PRODUCT_NAME:rfc1034identifier)";
				PRODUCT_NAME = "$(TARGET_NAME)";
				SWIFT_SWIFT3_OBJC_INFERENCE = Default;
				SWIFT_VERSION = 4.2;
				TEST_HOST = "$(BUILT_PRODUCTS_DIR)/SwiftCoAPServerExample.app/SwiftCoAPServerExample";
			};
			name = Release;
		};
/* End XCBuildConfiguration section */

/* Begin XCConfigurationList section */
		9316D7911B2AE54400B0B70D /* Build configuration list for PBXProject "SwiftCoAPServerExample" */ = {
			isa = XCConfigurationList;
			buildConfigurations = (
				9316D7B31B2AE54400B0B70D /* Debug */,
				9316D7B41B2AE54400B0B70D /* Release */,
			);
			defaultConfigurationIsVisible = 0;
			defaultConfigurationName = Release;
		};
		9316D7B51B2AE54400B0B70D /* Build configuration list for PBXNativeTarget "SwiftCoAPServerExample" */ = {
			isa = XCConfigurationList;
			buildConfigurations = (
				9316D7B61B2AE54400B0B70D /* Debug */,
				9316D7B71B2AE54400B0B70D /* Release */,
			);
			defaultConfigurationIsVisible = 0;
			defaultConfigurationName = Release;
		};
		9316D7B81B2AE54400B0B70D /* Build configuration list for PBXNativeTarget "SwiftCoAPServerExampleTests" */ = {
			isa = XCConfigurationList;
			buildConfigurations = (
				9316D7B91B2AE54400B0B70D /* Debug */,
				9316D7BA1B2AE54400B0B70D /* Release */,
			);
			defaultConfigurationIsVisible = 0;
			defaultConfigurationName = Release;
		};
/* End XCConfigurationList section */
	};
	rootObject = 9316D78E1B2AE54400B0B70D /* Project object */;
}
